{
  "name": "sample",
  "version": "1.0.0",
  "lockfileVersion": 3,
  "requires": true,
  "packages": {
    "": {
      "name": "sample",
      "version": "1.0.0",
      "license": "ISC",
      "dependencies": {
        "@hyperionbt/helios": "^0.13.22"
      }
    },
    "node_modules/@hyperionbt/helios": {
      "version": "0.13.22",
      "resolved": "https://registry.npmjs.org/@hyperionbt/helios/-/helios-0.13.22.tgz",
      "integrity": "sha512-XgDcaMl3UJhjnAQ8nXXdH5foGKtt2HomE9dFtPdaUXlDQ1vh4aveeJuJ964AuH4tX0h+1Alr38EyaDiDuC2OkQ=="
    }
  }
}
