{
  "name": "sample",
  "version": "1.0.0",
  "lockfileVersion": 3,
  "requires": true,
  "packages": {
    "": {
      "name": "sample",
      "version": "1.0.0",
      "license": "ISC",
      "dependencies": {
        "@hyperionbt/helios": "^0.13.21"
      }
    },
    "node_modules/@hyperionbt/helios": {
      "version": "0.13.21",
      "resolved": "https://registry.npmjs.org/@hyperionbt/helios/-/helios-0.13.21.tgz",
      "integrity": "sha512-xEk56XcfDaS6gX+GkWxFl6S3L1iRXxgC0RP8LQziDeqasxyUNoll+08z0E3o8VVliCbBQYBxGQ7zgVxGPfZ1IA=="
    }
  }
}
